# This file is automatically @generated by Cargo.
# It is not intended for manual editing.
[[package]]
name = "bitflags"
version = "0.9.1"
source = "registry+https://github.com/rust-lang/crates.io-index"
checksum = "4efd02e230a02e18f92fc2735f44597385ed02ad8f831e7c1c1156ee5e1ab3a5"

[[package]]
name = "getaddrs"
version = "0.1.0"
dependencies = [
 "getaddrs 0.1.0 (registry+https://github.com/rust-lang/crates.io-index)",
]

[[package]]
name = "getaddrs"
version = "0.1.0"
source = "registry+https://github.com/rust-lang/crates.io-index"
checksum = "efba1d44fc45a1639dd3aae2b59fd966d75cb925dc2bbd2839d9e49afaa0c92d"
dependencies = [
 "bitflags",
 "libc",
]

[[package]]
name = "libc"
version = "0.2.72"
source = "registry+https://github.com/rust-lang/crates.io-index"
checksum = "a9f8082297d534141b30c8d39e9b1773713ab50fdbe4ff30f750d063b3bfd701"
