# This file is automatically @generated by Cargo.
# It is not intended for manual editing.
version = 3

[[package]]
name = "cl3"
version = "0.9.5"
source = "registry+https://github.com/rust-lang/crates.io-index"
checksum = "b823f24e72fa0c68aa14a250ae1c0848e68d4ae188b71c3972343e45b46f8644"
dependencies = [
 "libc",
 "opencl-sys",
 "thiserror",
]

[[package]]
name = "libc"
version = "0.2.151"
source = "registry+https://github.com/rust-lang/crates.io-index"
checksum = "302d7ab3130588088d277783b1e2d2e10c9e9e4a16dd9050e6ec93fb3e7048f4"

[[package]]
name = "opencl-sys"
version = "0.2.8"
source = "registry+https://github.com/rust-lang/crates.io-index"
checksum = "3c18b75202f7354563065f0202ae77ec903261370bf7a0bb9a0c3fd11b5a39a2"
dependencies = [
 "libc",
]

[[package]]
name = "opencl-test"
version = "0.1.0"
dependencies = [
 "opencl3",
]

[[package]]
name = "opencl3"
version = "0.9.5"
source = "registry+https://github.com/rust-lang/crates.io-index"
checksum = "26ab4a90cb496f787d3934deb0c54fa9d65e7bed710c10071234aab0196fba04"
dependencies = [
 "cl3",
 "libc",
]

[[package]]
name = "proc-macro2"
version = "1.0.74"
source = "registry+https://github.com/rust-lang/crates.io-index"
checksum = "2de98502f212cfcea8d0bb305bd0f49d7ebdd75b64ba0a68f937d888f4e0d6db"
dependencies = [
 "unicode-ident",
]

[[package]]
name = "quote"
version = "1.0.35"
source = "registry+https://github.com/rust-lang/crates.io-index"
checksum = "291ec9ab5efd934aaf503a6466c5d5251535d108ee747472c3977cc5acc868ef"
dependencies = [
 "proc-macro2",
]

[[package]]
name = "syn"
version = "2.0.46"
source = "registry+https://github.com/rust-lang/crates.io-index"
checksum = "89456b690ff72fddcecf231caedbe615c59480c93358a93dfae7fc29e3ebbf0e"
dependencies = [
 "proc-macro2",
 "quote",
 "unicode-ident",
]

[[package]]
name = "thiserror"
version = "1.0.56"
source = "registry+https://github.com/rust-lang/crates.io-index"
checksum = "d54378c645627613241d077a3a79db965db602882668f9136ac42af9ecb730ad"
dependencies = [
 "thiserror-impl",
]

[[package]]
name = "thiserror-impl"
version = "1.0.56"
source = "registry+https://github.com/rust-lang/crates.io-index"
checksum = "fa0faa943b50f3db30a20aa7e265dbc66076993efed8463e8de414e5d06d3471"
dependencies = [
 "proc-macro2",
 "quote",
 "syn",
]

[[package]]
name = "unicode-ident"
version = "1.0.12"
source = "registry+https://github.com/rust-lang/crates.io-index"
checksum = "3354b9ac3fae1ff6755cb6db53683adb661634f67557942dea4facebec0fee4b"
